# This file was autogenerated by Stack.
# You should not edit this file by hand.
# For more information, please see the documentation at:
#   https://docs.haskellstack.org/en/stable/lock_files

packages:
- completed:
    hackage: gloss-1.13.1.1@sha256:c0a66fc81fca191714b48b8faa8166f4222f06305e34094ceb586bade3a892ad,4194
    pantry-tree:
      size: 3807
      sha256: 570e79a2ef42443cfcb657e2944922935c4392ac38eebf51bd32dad65ff304c1
  original:
    hackage: gloss-1.13.1.1
snapshots:
- completed:
    size: 524163
    url: https://raw.githubusercontent.com/commercialhaskell/stackage-snapshots/master/lts/14/25.yaml
    sha256: 97548b4e927a8a862d4a203687ca18a3f5d2ae75b4b72c946fb29c17df1a5082
  original: lts-14.25
